{
  "name": "frida-clockwork",
  "version": "1.0.0",
  "lockfileVersion": 3,
  "requires": true,
  "packages": {
    "": {
      "name": "frida-clockwork",
      "version": "1.0.0",
      "license": "ISC",
      "workspaces": [
        "packages/logging",
        "packages/common",
        "packages/hooks",
        "packages/network",
        "packages/native",
        "packages/jnitrace",
        "packages/cocos2dx",
        "packages/unity",
        "packages/anticloak",
        "packages/dump"
      ],
      "dependencies": {
        "@reversense/interruptor": "^1.0.12",
        "frida-compile": "^16.4.1"
      },
      "devDependencies": {
        "@tsconfig/node21": "^21.0.0",
        "@types/frida-gum": "^18.5.1",
        "frida-il2cpp-bridge": "^0.9.0",
        "ts-loader": "^9.5.1",
        "webpack": "^5.89.0",
        "webpack-cli": "^5.1.4"
      }
    },
    "node_modules/@clockwork/anticloak": {
      "resolved": "packages/anticloak",
      "link": true
    },
    "node_modules/@clockwork/cocos2dx": {
      "resolved": "packages/cocos2dx",
      "link": true
    },
    "node_modules/@clockwork/common": {
      "resolved": "packages/common",
      "link": true
    },
    "node_modules/@clockwork/dump": {
      "resolved": "packages/dump",
      "link": true
    },
    "node_modules/@clockwork/hooks": {
      "resolved": "packages/hooks",
      "link": true
    },
    "node_modules/@clockwork/jnitrace": {
      "resolved": "packages/jnitrace",
      "link": true
    },
    "node_modules/@clockwork/logging": {
      "resolved": "packages/logging",
      "link": true
    },
    "node_modules/@clockwork/native": {
      "resolved": "packages/native",
      "link": true
    },
    "node_modules/@clockwork/network": {
      "resolved": "packages/network",
      "link": true
    },
    "node_modules/@clockwork/unity": {
      "resolved": "packages/unity",
      "link": true
    },
    "node_modules/@discoveryjs/json-ext": {
      "version": "0.5.7",
      "dev": true,
      "license": "MIT",
      "engines": {
        "node": ">=10.0.0"
      }
    },
    "node_modules/@frida/assert": {
      "version": "3.0.2",
      "license": "MIT"
    },
    "node_modules/@frida/base64-js": {
      "version": "2.0.3",
      "funding": [
        {
          "type": "github",
          "url": "https://github.com/sponsors/feross"
        },
        {
          "type": "patreon",
          "url": "https://www.patreon.com/feross"
        },
        {
          "type": "consulting",
          "url": "https://feross.org/support"
        }
      ],
      "license": "MIT"
    },
    "node_modules/@frida/buffer": {
      "version": "7.0.4",
      "funding": [
        {
          "type": "github",
          "url": "https://github.com/sponsors/feross"
        },
        {
          "type": "patreon",
          "url": "https://www.patreon.com/feross"
        },
        {
          "type": "consulting",
          "url": "https://feross.org/support"
        }
      ],
      "license": "MIT",
      "dependencies": {
        "base64-js": "^1.5.1",
        "ieee754": "^1.2.1"
      }
    },
    "node_modules/@frida/crosspath": {
      "version": "3.0.0",
      "license": "MIT",
      "dependencies": {
        "@types/node": "^17.0.36"
      },
      "engines": {
        "node": ">=14.9.0"
      }
    },
    "node_modules/@frida/crypto": {
      "version": "1.0.1",
      "license": "MIT"
    },
    "node_modules/@frida/diagnostics_channel": {
      "version": "1.0.0",
      "license": "MIT"
    },
    "node_modules/@frida/events": {
      "version": "4.0.4",
      "license": "MIT",
      "engines": {
        "node": ">=0.8.x"
      }
    },
    "node_modules/@frida/http": {
      "version": "4.0.2",
      "license": "MIT",
      "dependencies": {
        "http-parser-js": "^0.5.3"
      }
    },
    "node_modules/@frida/http-parser-js": {
      "version": "1.0.0",
      "license": "MIT"
    },
    "node_modules/@frida/https": {
      "version": "1.0.0",
      "license": "MIT"
    },
    "node_modules/@frida/ieee754": {
      "version": "2.0.2",
      "funding": [
        {
          "type": "github",
          "url": "https://github.com/sponsors/feross"
        },
        {
          "type": "patreon",
          "url": "https://www.patreon.com/feross"
        },
        {
          "type": "consulting",
          "url": "https://feross.org/support"
        }
      ],
      "license": "BSD-3-Clause"
    },
    "node_modules/@frida/net": {
      "version": "4.0.2",
      "license": "MIT"
    },
    "node_modules/@frida/os": {
      "version": "1.0.2",
      "license": "MIT"
    },
    "node_modules/@frida/path": {
      "version": "2.0.3",
      "license": "MIT"
    },
    "node_modules/@frida/process": {
      "version": "1.2.1",
      "license": "MIT"
    },
    "node_modules/@frida/punycode": {
      "version": "3.0.0",
      "license": "MIT"
    },
    "node_modules/@frida/querystring": {
      "version": "1.0.0",
      "license": "MIT"
    },
    "node_modules/@frida/readable-stream": {
      "version": "4.1.3",
      "license": "MIT"
    },
    "node_modules/@frida/reserved-words": {
      "version": "1.0.0",
      "license": "MIT"
    },
    "node_modules/@frida/stream": {
      "version": "1.0.2",
      "license": "MIT",
      "dependencies": {
        "@frida/readable-stream": "^4.1.3"
      }
    },
    "node_modules/@frida/string_decoder": {
      "version": "2.0.0",
      "license": "MIT"
    },
    "node_modules/@frida/terser": {
      "version": "1.0.0",
      "license": "BSD-2-Clause",
      "dependencies": {
        "@jridgewell/source-map": "^0.3.2",
        "acorn": "^8.5.0",
        "commander": "^2.20.0",
        "source-map-support": "~0.5.20"
      },
      "bin": {
        "terser": "bin/terser"
      },
      "engines": {
        "node": ">=10"
      }
    },
    "node_modules/@frida/terser/node_modules/commander": {
      "version": "2.20.3",
      "license": "MIT"
    },
    "node_modules/@frida/timers": {
      "version": "3.0.0",
      "license": "MIT"
    },
    "node_modules/@frida/tty": {
      "version": "1.0.0",
      "license": "MIT"
    },
    "node_modules/@frida/url": {
      "version": "1.0.2",
      "license": "MIT",
      "dependencies": {
        "@frida/punycode": "^3.0.0",
        "@frida/querystring": "^1.0.0"
      }
    },
    "node_modules/@frida/util": {
      "version": "1.0.3",
      "license": "MIT"
    },
    "node_modules/@frida/vm": {
      "version": "2.0.0",
      "license": "MIT"
    },
    "node_modules/@jridgewell/gen-mapping": {
      "version": "0.3.3",
      "license": "MIT",
      "dependencies": {
        "@jridgewell/set-array": "^1.0.1",
        "@jridgewell/sourcemap-codec": "^1.4.10",
        "@jridgewell/trace-mapping": "^0.3.9"
      },
      "engines": {
        "node": ">=6.0.0"
      }
    },
    "node_modules/@jridgewell/resolve-uri": {
      "version": "3.1.1",
      "license": "MIT",
      "engines": {
        "node": ">=6.0.0"
      }
    },
    "node_modules/@jridgewell/set-array": {
      "version": "1.1.2",
      "license": "MIT",
      "engines": {
        "node": ">=6.0.0"
      }
    },
    "node_modules/@jridgewell/source-map": {
      "version": "0.3.5",
      "license": "MIT",
      "dependencies": {
        "@jridgewell/gen-mapping": "^0.3.0",
        "@jridgewell/trace-mapping": "^0.3.9"
      }
    },
    "node_modules/@jridgewell/sourcemap-codec": {
      "version": "1.4.15",
      "license": "MIT"
    },
    "node_modules/@jridgewell/trace-mapping": {
      "version": "0.3.20",
      "license": "MIT",
      "dependencies": {
        "@jridgewell/resolve-uri": "^3.1.0",
        "@jridgewell/sourcemap-codec": "^1.4.14"
      }
    },
    "node_modules/@reversense/interruptor": {
      "version": "1.0.12",
      "resolved": "https://registry.npmjs.org/@reversense/interruptor/-/interruptor-1.0.12.tgz",
      "integrity": "sha512-QiOlTeE772WIzxhXiZBD2hl3e8J7fUCZ1axsInZOoYOJhdVxTvOa5oe69id8q/aPZpCUyc0rJ5t3usCgE1u4SQ==",
      "dependencies": {
        "@types/frida-gum": "^17.3.0"
      }
    },
    "node_modules/@reversense/interruptor/node_modules/@types/frida-gum": {
      "version": "17.3.1",
      "resolved": "https://registry.npmjs.org/@types/frida-gum/-/frida-gum-17.3.1.tgz",
      "integrity": "sha512-PXgWFGNss/du33z7yZtVFcpiCg8PA09bdOr7vAC4L2JNUtW7FeAKzNq/vh44DbiKQQ7LEZH1XuzqkErFU2JbkA=="
    },
    "node_modules/@tsconfig/node21": {
      "version": "21.0.0",
      "dev": true,
      "license": "MIT"
    },
    "node_modules/@types/eslint": {
      "version": "8.44.7",
      "dev": true,
      "license": "MIT",
      "dependencies": {
        "@types/estree": "*",
        "@types/json-schema": "*"
      }
    },
    "node_modules/@types/eslint-scope": {
      "version": "3.7.7",
      "dev": true,
      "license": "MIT",
      "dependencies": {
        "@types/eslint": "*",
        "@types/estree": "*"
      }
    },
    "node_modules/@types/estree": {
      "version": "1.0.5",
      "dev": true,
      "license": "MIT"
    },
    "node_modules/@types/frida-gum": {
      "version": "18.5.1",
      "resolved": "https://registry.npmjs.org/@types/frida-gum/-/frida-gum-18.5.1.tgz",
      "integrity": "sha512-99geyCbWB+YBCqxcO+ue7dJUQJti7kQ5CHGQtKoz0ENtRswKULGMFKW6QgL657sMiztqhcDHWJjYSPv5GKT1ig==",
      "dev": true
    },
    "node_modules/@types/json-schema": {
      "version": "7.0.15",
      "dev": true,
      "license": "MIT"
    },
    "node_modules/@types/node": {
      "version": "17.0.45",
      "license": "MIT"
    },
    "node_modules/@webassemblyjs/ast": {
      "version": "1.11.6",
      "dev": true,
      "license": "MIT",
      "dependencies": {
        "@webassemblyjs/helper-numbers": "1.11.6",
        "@webassemblyjs/helper-wasm-bytecode": "1.11.6"
      }
    },
    "node_modules/@webassemblyjs/floating-point-hex-parser": {
      "version": "1.11.6",
      "dev": true,
      "license": "MIT"
    },
    "node_modules/@webassemblyjs/helper-api-error": {
      "version": "1.11.6",
      "dev": true,
      "license": "MIT"
    },
    "node_modules/@webassemblyjs/helper-buffer": {
      "version": "1.11.6",
      "dev": true,
      "license": "MIT"
    },
    "node_modules/@webassemblyjs/helper-numbers": {
      "version": "1.11.6",
      "dev": true,
      "license": "MIT",
      "dependencies": {
        "@webassemblyjs/floating-point-hex-parser": "1.11.6",
        "@webassemblyjs/helper-api-error": "1.11.6",
        "@xtuc/long": "4.2.2"
      }
    },
    "node_modules/@webassemblyjs/helper-wasm-bytecode": {
      "version": "1.11.6",
      "dev": true,
      "license": "MIT"
    },
    "node_modules/@webassemblyjs/helper-wasm-section": {
      "version": "1.11.6",
      "dev": true,
      "license": "MIT",
      "dependencies": {
        "@webassemblyjs/ast": "1.11.6",
        "@webassemblyjs/helper-buffer": "1.11.6",
        "@webassemblyjs/helper-wasm-bytecode": "1.11.6",
        "@webassemblyjs/wasm-gen": "1.11.6"
      }
    },
    "node_modules/@webassemblyjs/ieee754": {
      "version": "1.11.6",
      "dev": true,
      "license": "MIT",
      "dependencies": {
        "@xtuc/ieee754": "^1.2.0"
      }
    },
    "node_modules/@webassemblyjs/leb128": {
      "version": "1.11.6",
      "dev": true,
      "license": "Apache-2.0",
      "dependencies": {
        "@xtuc/long": "4.2.2"
      }
    },
    "node_modules/@webassemblyjs/utf8": {
      "version": "1.11.6",
      "dev": true,
      "license": "MIT"
    },
    "node_modules/@webassemblyjs/wasm-edit": {
      "version": "1.11.6",
      "dev": true,
      "license": "MIT",
      "dependencies": {
        "@webassemblyjs/ast": "1.11.6",
        "@webassemblyjs/helper-buffer": "1.11.6",
        "@webassemblyjs/helper-wasm-bytecode": "1.11.6",
        "@webassemblyjs/helper-wasm-section": "1.11.6",
        "@webassemblyjs/wasm-gen": "1.11.6",
        "@webassemblyjs/wasm-opt": "1.11.6",
        "@webassemblyjs/wasm-parser": "1.11.6",
        "@webassemblyjs/wast-printer": "1.11.6"
      }
    },
    "node_modules/@webassemblyjs/wasm-gen": {
      "version": "1.11.6",
      "dev": true,
      "license": "MIT",
      "dependencies": {
        "@webassemblyjs/ast": "1.11.6",
        "@webassemblyjs/helper-wasm-bytecode": "1.11.6",
        "@webassemblyjs/ieee754": "1.11.6",
        "@webassemblyjs/leb128": "1.11.6",
        "@webassemblyjs/utf8": "1.11.6"
      }
    },
    "node_modules/@webassemblyjs/wasm-opt": {
      "version": "1.11.6",
      "dev": true,
      "license": "MIT",
      "dependencies": {
        "@webassemblyjs/ast": "1.11.6",
        "@webassemblyjs/helper-buffer": "1.11.6",
        "@webassemblyjs/wasm-gen": "1.11.6",
        "@webassemblyjs/wasm-parser": "1.11.6"
      }
    },
    "node_modules/@webassemblyjs/wasm-parser": {
      "version": "1.11.6",
      "dev": true,
      "license": "MIT",
      "dependencies": {
        "@webassemblyjs/ast": "1.11.6",
        "@webassemblyjs/helper-api-error": "1.11.6",
        "@webassemblyjs/helper-wasm-bytecode": "1.11.6",
        "@webassemblyjs/ieee754": "1.11.6",
        "@webassemblyjs/leb128": "1.11.6",
        "@webassemblyjs/utf8": "1.11.6"
      }
    },
    "node_modules/@webassemblyjs/wast-printer": {
      "version": "1.11.6",
      "dev": true,
      "license": "MIT",
      "dependencies": {
        "@webassemblyjs/ast": "1.11.6",
        "@xtuc/long": "4.2.2"
      }
    },
    "node_modules/@webpack-cli/configtest": {
      "version": "2.1.1",
      "dev": true,
      "license": "MIT",
      "engines": {
        "node": ">=14.15.0"
      },
      "peerDependencies": {
        "webpack": "5.x.x",
        "webpack-cli": "5.x.x"
      }
    },
    "node_modules/@webpack-cli/info": {
      "version": "2.0.2",
      "dev": true,
      "license": "MIT",
      "engines": {
        "node": ">=14.15.0"
      },
      "peerDependencies": {
        "webpack": "5.x.x",
        "webpack-cli": "5.x.x"
      }
    },
    "node_modules/@webpack-cli/serve": {
      "version": "2.0.5",
      "dev": true,
      "license": "MIT",
      "engines": {
        "node": ">=14.15.0"
      },
      "peerDependencies": {
        "webpack": "5.x.x",
        "webpack-cli": "5.x.x"
      },
      "peerDependenciesMeta": {
        "webpack-dev-server": {
          "optional": true
        }
      }
    },
    "node_modules/@xtuc/ieee754": {
      "version": "1.2.0",
      "dev": true,
      "license": "BSD-3-Clause"
    },
    "node_modules/@xtuc/long": {
      "version": "4.2.2",
      "dev": true,
      "license": "Apache-2.0"
    },
    "node_modules/abort-controller": {
      "version": "3.0.0",
      "license": "MIT",
      "dependencies": {
        "event-target-shim": "^5.0.0"
      },
      "engines": {
        "node": ">=6.5"
      }
    },
    "node_modules/acorn": {
      "version": "8.11.2",
      "license": "MIT",
      "bin": {
        "acorn": "bin/acorn"
      },
      "engines": {
        "node": ">=0.4.0"
      }
    },
    "node_modules/acorn-import-assertions": {
      "version": "1.9.0",
      "dev": true,
      "license": "MIT",
      "peerDependencies": {
        "acorn": "^8"
      }
    },
    "node_modules/ajv": {
      "version": "6.12.6",
      "dev": true,
      "license": "MIT",
      "dependencies": {
        "fast-deep-equal": "^3.1.1",
        "fast-json-stable-stringify": "^2.0.0",
        "json-schema-traverse": "^0.4.1",
        "uri-js": "^4.2.2"
      },
      "funding": {
        "type": "github",
        "url": "https://github.com/sponsors/epoberezkin"
      }
    },
    "node_modules/ajv-keywords": {
      "version": "3.5.2",
      "dev": true,
      "license": "MIT",
      "peerDependencies": {
        "ajv": "^6.9.1"
      }
    },
    "node_modules/ansi-styles": {
      "version": "4.3.0",
      "dev": true,
      "license": "MIT",
      "dependencies": {
        "color-convert": "^2.0.1"
      },
      "engines": {
        "node": ">=8"
      },
      "funding": {
        "url": "https://github.com/chalk/ansi-styles?sponsor=1"
      }
    },
    "node_modules/atomic-sleep": {
      "version": "1.0.0",
      "license": "MIT",
      "engines": {
        "node": ">=8.0.0"
      }
    },
    "node_modules/base64-js": {
      "version": "1.5.1",
      "funding": [
        {
          "type": "github",
          "url": "https://github.com/sponsors/feross"
        },
        {
          "type": "patreon",
          "url": "https://www.patreon.com/feross"
        },
        {
          "type": "consulting",
          "url": "https://feross.org/support"
        }
      ],
      "license": "MIT"
    },
    "node_modules/braces": {
      "version": "3.0.2",
      "dev": true,
      "license": "MIT",
      "dependencies": {
        "fill-range": "^7.0.1"
      },
      "engines": {
        "node": ">=8"
      }
    },
    "node_modules/browserslist": {
      "version": "4.22.1",
      "dev": true,
      "funding": [
        {
          "type": "opencollective",
          "url": "https://opencollective.com/browserslist"
        },
        {
          "type": "tidelift",
          "url": "https://tidelift.com/funding/github/npm/browserslist"
        },
        {
          "type": "github",
          "url": "https://github.com/sponsors/ai"
        }
      ],
      "license": "MIT",
      "dependencies": {
        "caniuse-lite": "^1.0.30001541",
        "electron-to-chromium": "^1.4.535",
        "node-releases": "^2.0.13",
        "update-browserslist-db": "^1.0.13"
      },
      "bin": {
        "browserslist": "cli.js"
      },
      "engines": {
        "node": "^6 || ^7 || ^8 || ^9 || ^10 || ^11 || ^12 || >=13.7"
      }
    },
    "node_modules/buffer": {
      "version": "6.0.3",
      "funding": [
        {
          "type": "github",
          "url": "https://github.com/sponsors/feross"
        },
        {
          "type": "patreon",
          "url": "https://www.patreon.com/feross"
        },
        {
          "type": "consulting",
          "url": "https://feross.org/support"
        }
      ],
      "license": "MIT",
      "dependencies": {
        "base64-js": "^1.3.1",
        "ieee754": "^1.2.1"
      }
    },
    "node_modules/buffer-from": {
      "version": "1.1.2",
      "license": "MIT"
    },
    "node_modules/caniuse-lite": {
      "version": "1.0.30001564",
      "dev": true,
      "funding": [
        {
          "type": "opencollective",
          "url": "https://opencollective.com/browserslist"
        },
        {
          "type": "tidelift",
          "url": "https://tidelift.com/funding/github/npm/caniuse-lite"
        },
        {
          "type": "github",
          "url": "https://github.com/sponsors/ai"
        }
      ],
      "license": "CC-BY-4.0"
    },
    "node_modules/chalk": {
      "version": "4.1.2",
      "dev": true,
      "license": "MIT",
      "dependencies": {
        "ansi-styles": "^4.1.0",
        "supports-color": "^7.1.0"
      },
      "engines": {
        "node": ">=10"
      },
      "funding": {
        "url": "https://github.com/chalk/chalk?sponsor=1"
      }
    },
    "node_modules/chrome-trace-event": {
      "version": "1.0.3",
      "dev": true,
      "license": "MIT",
      "engines": {
        "node": ">=6.0"
      }
    },
    "node_modules/clone-deep": {
      "version": "4.0.1",
      "dev": true,
      "license": "MIT",
      "dependencies": {
        "is-plain-object": "^2.0.4",
        "kind-of": "^6.0.2",
        "shallow-clone": "^3.0.0"
      },
      "engines": {
        "node": ">=6"
      }
    },
    "node_modules/color-convert": {
      "version": "2.0.1",
      "dev": true,
      "license": "MIT",
      "dependencies": {
        "color-name": "~1.1.4"
      },
      "engines": {
        "node": ">=7.0.0"
      }
    },
    "node_modules/color-name": {
      "version": "1.1.4",
      "dev": true,
      "license": "MIT"
    },
    "node_modules/colorette": {
      "version": "2.0.20",
      "license": "MIT"
    },
    "node_modules/commander": {
      "version": "11.1.0",
      "license": "MIT",
      "engines": {
        "node": ">=16"
      }
    },
    "node_modules/cross-spawn": {
      "version": "7.0.3",
      "dev": true,
      "license": "MIT",
      "dependencies": {
        "path-key": "^3.1.0",
        "shebang-command": "^2.0.0",
        "which": "^2.0.1"
      },
      "engines": {
        "node": ">= 8"
      }
    },
    "node_modules/electron-to-chromium": {
      "version": "1.4.594",
      "dev": true,
      "license": "ISC"
    },
    "node_modules/enhanced-resolve": {
      "version": "5.15.0",
      "dev": true,
      "license": "MIT",
      "dependencies": {
        "graceful-fs": "^4.2.4",
        "tapable": "^2.2.0"
      },
      "engines": {
        "node": ">=10.13.0"
      }
    },
    "node_modules/envinfo": {
      "version": "7.11.0",
      "dev": true,
      "license": "MIT",
      "bin": {
        "envinfo": "dist/cli.js"
      },
      "engines": {
        "node": ">=4"
      }
    },
    "node_modules/es-module-lexer": {
      "version": "1.4.1",
      "dev": true,
      "license": "MIT"
    },
    "node_modules/escalade": {
      "version": "3.1.1",
      "dev": true,
      "license": "MIT",
      "engines": {
        "node": ">=6"
      }
    },
    "node_modules/eslint-scope": {
      "version": "5.1.1",
      "dev": true,
      "license": "BSD-2-Clause",
      "dependencies": {
        "esrecurse": "^4.3.0",
        "estraverse": "^4.1.1"
      },
      "engines": {
        "node": ">=8.0.0"
      }
    },
    "node_modules/esrecurse": {
      "version": "4.3.0",
      "dev": true,
      "license": "BSD-2-Clause",
      "dependencies": {
        "estraverse": "^5.2.0"
      },
      "engines": {
        "node": ">=4.0"
      }
    },
    "node_modules/esrecurse/node_modules/estraverse": {
      "version": "5.3.0",
      "dev": true,
      "license": "BSD-2-Clause",
      "engines": {
        "node": ">=4.0"
      }
    },
    "node_modules/estraverse": {
      "version": "4.3.0",
      "dev": true,
      "license": "BSD-2-Clause",
      "engines": {
        "node": ">=4.0"
      }
    },
    "node_modules/event-target-shim": {
      "version": "5.0.1",
      "license": "MIT",
      "engines": {
        "node": ">=6"
      }
    },
    "node_modules/events": {
      "version": "3.3.0",
      "license": "MIT",
      "engines": {
        "node": ">=0.8.x"
      }
    },
    "node_modules/fast-deep-equal": {
      "version": "3.1.3",
      "dev": true,
      "license": "MIT"
    },
    "node_modules/fast-json-stable-stringify": {
      "version": "2.1.0",
      "dev": true,
      "license": "MIT"
    },
    "node_modules/fast-redact": {
      "version": "3.3.0",
      "license": "MIT",
      "engines": {
        "node": ">=6"
      }
    },
    "node_modules/fastest-levenshtein": {
      "version": "1.0.16",
      "dev": true,
      "license": "MIT",
      "engines": {
        "node": ">= 4.9.1"
      }
    },
    "node_modules/fill-range": {
      "version": "7.0.1",
      "dev": true,
      "license": "MIT",
      "dependencies": {
        "to-regex-range": "^5.0.1"
      },
      "engines": {
        "node": ">=8"
      }
    },
    "node_modules/find-up": {
      "version": "4.1.0",
      "dev": true,
      "license": "MIT",
      "dependencies": {
        "locate-path": "^5.0.0",
        "path-exists": "^4.0.0"
      },
      "engines": {
        "node": ">=8"
      }
    },
    "node_modules/flat": {
      "version": "5.0.2",
      "dev": true,
      "license": "BSD-3-Clause",
      "bin": {
        "flat": "cli.js"
      }
    },
    "node_modules/frida-compile": {
      "version": "16.4.1",
      "dependencies": {
        "@frida/assert": "^3.0.1",
        "@frida/base64-js": "^2.0.3",
        "@frida/buffer": "^7.0.4",
        "@frida/crosspath": "^3.0.0",
        "@frida/crypto": "^1.0.1",
        "@frida/diagnostics_channel": "^1.0.0",
        "@frida/events": "^4.0.4",
        "@frida/http": "^4.0.2",
        "@frida/http-parser-js": "^1.0.0",
        "@frida/https": "^1.0.0",
        "@frida/ieee754": "^2.0.2",
        "@frida/net": "^4.0.1",
        "@frida/os": "^1.0.0",
        "@frida/path": "^2.0.3",
        "@frida/process": "^1.2.1",
        "@frida/punycode": "^3.0.0",
        "@frida/querystring": "^1.0.0",
        "@frida/readable-stream": "^4.1.3",
        "@frida/reserved-words": "^1.0.0",
        "@frida/stream": "^1.0.2",
        "@frida/string_decoder": "^2.0.0",
        "@frida/terser": "^1.0.0",
        "@frida/timers": "^3.0.0",
        "@frida/tty": "^1.0.0",
        "@frida/url": "^1.0.2",
        "@frida/util": "^1.0.3",
        "@frida/vm": "^2.0.0",
        "commander": "^11.1.0",
        "frida-fs": "^5.2.3",
        "typed-emitter": "^2.1.0"
      },
      "bin": {
        "frida-compile": "dist/cli.js"
      }
    },
    "node_modules/frida-fs": {
      "version": "5.2.5",
      "license": "MIT"
    },
    "node_modules/frida-il2cpp-bridge": {
      "version": "0.9.0",
      "dev": true,
      "license": "MIT"
    },
    "node_modules/function-bind": {
      "version": "1.1.2",
      "dev": true,
      "license": "MIT",
      "funding": {
        "url": "https://github.com/sponsors/ljharb"
      }
    },
    "node_modules/glob-to-regexp": {
      "version": "0.4.1",
      "dev": true,
      "license": "BSD-2-Clause"
    },
    "node_modules/graceful-fs": {
      "version": "4.2.11",
      "dev": true,
      "license": "ISC"
    },
    "node_modules/has-flag": {
      "version": "4.0.0",
      "dev": true,
      "license": "MIT",
      "engines": {
        "node": ">=8"
      }
    },
    "node_modules/hasown": {
      "version": "2.0.0",
      "dev": true,
      "license": "MIT",
      "dependencies": {
        "function-bind": "^1.1.2"
      },
      "engines": {
        "node": ">= 0.4"
      }
    },
    "node_modules/http-parser-js": {
      "version": "0.5.8",
      "license": "MIT"
    },
    "node_modules/ieee754": {
      "version": "1.2.1",
      "funding": [
        {
          "type": "github",
          "url": "https://github.com/sponsors/feross"
        },
        {
          "type": "patreon",
          "url": "https://www.patreon.com/feross"
        },
        {
          "type": "consulting",
          "url": "https://feross.org/support"
        }
      ],
      "license": "BSD-3-Clause"
    },
    "node_modules/import-local": {
      "version": "3.1.0",
      "dev": true,
      "license": "MIT",
      "dependencies": {
        "pkg-dir": "^4.2.0",
        "resolve-cwd": "^3.0.0"
      },
      "bin": {
        "import-local-fixture": "fixtures/cli.js"
      },
      "engines": {
        "node": ">=8"
      },
      "funding": {
        "url": "https://github.com/sponsors/sindresorhus"
      }
    },
    "node_modules/interpret": {
      "version": "3.1.1",
      "dev": true,
      "license": "MIT",
      "engines": {
        "node": ">=10.13.0"
      }
    },
    "node_modules/is-core-module": {
      "version": "2.13.1",
      "dev": true,
      "license": "MIT",
      "dependencies": {
        "hasown": "^2.0.0"
      },
      "funding": {
        "url": "https://github.com/sponsors/ljharb"
      }
    },
    "node_modules/is-number": {
      "version": "7.0.0",
      "dev": true,
      "license": "MIT",
      "engines": {
        "node": ">=0.12.0"
      }
    },
    "node_modules/is-plain-object": {
      "version": "2.0.4",
      "dev": true,
      "license": "MIT",
      "dependencies": {
        "isobject": "^3.0.1"
      },
      "engines": {
        "node": ">=0.10.0"
      }
    },
    "node_modules/isexe": {
      "version": "2.0.0",
      "dev": true,
      "license": "ISC"
    },
    "node_modules/isobject": {
      "version": "3.0.1",
      "dev": true,
      "license": "MIT",
      "engines": {
        "node": ">=0.10.0"
      }
    },
    "node_modules/jest-worker": {
      "version": "27.5.1",
      "dev": true,
      "license": "MIT",
      "dependencies": {
        "@types/node": "*",
        "merge-stream": "^2.0.0",
        "supports-color": "^8.0.0"
      },
      "engines": {
        "node": ">= 10.13.0"
      }
    },
    "node_modules/jest-worker/node_modules/supports-color": {
      "version": "8.1.1",
      "dev": true,
      "license": "MIT",
      "dependencies": {
        "has-flag": "^4.0.0"
      },
      "engines": {
        "node": ">=10"
      },
      "funding": {
        "url": "https://github.com/chalk/supports-color?sponsor=1"
      }
    },
    "node_modules/json-parse-even-better-errors": {
      "version": "2.3.1",
      "dev": true,
      "license": "MIT"
    },
    "node_modules/json-schema-traverse": {
      "version": "0.4.1",
      "dev": true,
      "license": "MIT"
    },
    "node_modules/kind-of": {
      "version": "6.0.3",
      "dev": true,
      "license": "MIT",
      "engines": {
        "node": ">=0.10.0"
      }
    },
    "node_modules/loader-runner": {
      "version": "4.3.0",
      "dev": true,
      "license": "MIT",
      "engines": {
        "node": ">=6.11.5"
      }
    },
    "node_modules/locate-path": {
      "version": "5.0.0",
      "dev": true,
      "license": "MIT",
      "dependencies": {
        "p-locate": "^4.1.0"
      },
      "engines": {
        "node": ">=8"
      }
    },
    "node_modules/lru-cache": {
      "version": "6.0.0",
      "dev": true,
      "license": "ISC",
      "dependencies": {
        "yallist": "^4.0.0"
      },
      "engines": {
        "node": ">=10"
      }
    },
    "node_modules/merge-stream": {
      "version": "2.0.0",
      "dev": true,
      "license": "MIT"
    },
    "node_modules/micromatch": {
      "version": "4.0.5",
      "dev": true,
      "license": "MIT",
      "dependencies": {
        "braces": "^3.0.2",
        "picomatch": "^2.3.1"
      },
      "engines": {
        "node": ">=8.6"
      }
    },
    "node_modules/mime-db": {
      "version": "1.52.0",
      "dev": true,
      "license": "MIT",
      "engines": {
        "node": ">= 0.6"
      }
    },
    "node_modules/mime-types": {
      "version": "2.1.35",
      "dev": true,
      "license": "MIT",
      "dependencies": {
        "mime-db": "1.52.0"
      },
      "engines": {
        "node": ">= 0.6"
      }
    },
    "node_modules/neo-async": {
      "version": "2.6.2",
      "dev": true,
      "license": "MIT"
    },
    "node_modules/node-releases": {
      "version": "2.0.13",
      "dev": true,
      "license": "MIT"
    },
    "node_modules/on-exit-leak-free": {
      "version": "2.1.2",
      "license": "MIT",
      "engines": {
        "node": ">=14.0.0"
      }
    },
    "node_modules/p-limit": {
      "version": "2.3.0",
      "dev": true,
      "license": "MIT",
      "dependencies": {
        "p-try": "^2.0.0"
      },
      "engines": {
        "node": ">=6"
      },
      "funding": {
        "url": "https://github.com/sponsors/sindresorhus"
      }
    },
    "node_modules/p-locate": {
      "version": "4.1.0",
      "dev": true,
      "license": "MIT",
      "dependencies": {
        "p-limit": "^2.2.0"
      },
      "engines": {
        "node": ">=8"
      }
    },
    "node_modules/p-try": {
      "version": "2.2.0",
      "dev": true,
      "license": "MIT",
      "engines": {
        "node": ">=6"
      }
    },
    "node_modules/path-exists": {
      "version": "4.0.0",
      "dev": true,
      "license": "MIT",
      "engines": {
        "node": ">=8"
      }
    },
    "node_modules/path-key": {
      "version": "3.1.1",
      "dev": true,
      "license": "MIT",
      "engines": {
        "node": ">=8"
      }
    },
    "node_modules/path-parse": {
      "version": "1.0.7",
      "dev": true,
      "license": "MIT"
    },
    "node_modules/picocolors": {
      "version": "1.0.0",
      "dev": true,
      "license": "ISC"
    },
    "node_modules/picomatch": {
      "version": "2.3.1",
      "dev": true,
      "license": "MIT",
      "engines": {
        "node": ">=8.6"
      },
      "funding": {
        "url": "https://github.com/sponsors/jonschlinkert"
      }
    },
    "node_modules/pino": {
      "version": "8.16.2",
      "license": "MIT",
      "dependencies": {
        "atomic-sleep": "^1.0.0",
        "fast-redact": "^3.1.1",
        "on-exit-leak-free": "^2.1.0",
        "pino-abstract-transport": "v1.1.0",
        "pino-std-serializers": "^6.0.0",
        "process-warning": "^2.0.0",
        "quick-format-unescaped": "^4.0.3",
        "real-require": "^0.2.0",
        "safe-stable-stringify": "^2.3.1",
        "sonic-boom": "^3.7.0",
        "thread-stream": "^2.0.0"
      },
      "bin": {
        "pino": "bin.js"
      }
    },
    "node_modules/pino-abstract-transport": {
      "version": "1.1.0",
      "license": "MIT",
      "dependencies": {
        "readable-stream": "^4.0.0",
        "split2": "^4.0.0"
      }
    },
    "node_modules/pino-std-serializers": {
      "version": "6.2.2",
      "license": "MIT"
    },
    "node_modules/pkg-dir": {
      "version": "4.2.0",
      "dev": true,
      "license": "MIT",
      "dependencies": {
        "find-up": "^4.0.0"
      },
      "engines": {
        "node": ">=8"
      }
    },
    "node_modules/process": {
      "version": "0.11.10",
      "license": "MIT",
      "engines": {
        "node": ">= 0.6.0"
      }
    },
    "node_modules/process-warning": {
      "version": "2.3.1",
      "license": "MIT"
    },
    "node_modules/punycode": {
      "version": "2.3.1",
      "dev": true,
      "license": "MIT",
      "engines": {
        "node": ">=6"
      }
    },
    "node_modules/quick-format-unescaped": {
      "version": "4.0.4",
      "license": "MIT"
    },
    "node_modules/randombytes": {
      "version": "2.1.0",
      "dev": true,
      "license": "MIT",
      "dependencies": {
        "safe-buffer": "^5.1.0"
      }
    },
    "node_modules/readable-stream": {
      "version": "4.4.2",
      "license": "MIT",
      "dependencies": {
        "abort-controller": "^3.0.0",
        "buffer": "^6.0.3",
        "events": "^3.3.0",
        "process": "^0.11.10",
        "string_decoder": "^1.3.0"
      },
      "engines": {
        "node": "^12.22.0 || ^14.17.0 || >=16.0.0"
      }
    },
    "node_modules/real-require": {
      "version": "0.2.0",
      "license": "MIT",
      "engines": {
        "node": ">= 12.13.0"
      }
    },
    "node_modules/rechoir": {
      "version": "0.8.0",
      "dev": true,
      "license": "MIT",
      "dependencies": {
        "resolve": "^1.20.0"
      },
      "engines": {
        "node": ">= 10.13.0"
      }
    },
    "node_modules/resolve": {
      "version": "1.22.8",
      "dev": true,
      "license": "MIT",
      "dependencies": {
        "is-core-module": "^2.13.0",
        "path-parse": "^1.0.7",
        "supports-preserve-symlinks-flag": "^1.0.0"
      },
      "bin": {
        "resolve": "bin/resolve"
      },
      "funding": {
        "url": "https://github.com/sponsors/ljharb"
      }
    },
    "node_modules/resolve-cwd": {
      "version": "3.0.0",
      "dev": true,
      "license": "MIT",
      "dependencies": {
        "resolve-from": "^5.0.0"
      },
      "engines": {
        "node": ">=8"
      }
    },
    "node_modules/resolve-from": {
      "version": "5.0.0",
      "dev": true,
      "license": "MIT",
      "engines": {
        "node": ">=8"
      }
    },
    "node_modules/rxjs": {
      "version": "7.8.1",
      "license": "Apache-2.0",
      "optional": true,
      "dependencies": {
        "tslib": "^2.1.0"
      }
    },
    "node_modules/safe-buffer": {
      "version": "5.2.1",
      "funding": [
        {
          "type": "github",
          "url": "https://github.com/sponsors/feross"
        },
        {
          "type": "patreon",
          "url": "https://www.patreon.com/feross"
        },
        {
          "type": "consulting",
          "url": "https://feross.org/support"
        }
      ],
      "license": "MIT"
    },
    "node_modules/safe-stable-stringify": {
      "version": "2.4.3",
      "license": "MIT",
      "engines": {
        "node": ">=10"
      }
    },
    "node_modules/schema-utils": {
      "version": "3.3.0",
      "dev": true,
      "license": "MIT",
      "dependencies": {
        "@types/json-schema": "^7.0.8",
        "ajv": "^6.12.5",
        "ajv-keywords": "^3.5.2"
      },
      "engines": {
        "node": ">= 10.13.0"
      },
      "funding": {
        "type": "opencollective",
        "url": "https://opencollective.com/webpack"
      }
    },
    "node_modules/semver": {
      "version": "7.5.4",
      "dev": true,
      "license": "ISC",
      "dependencies": {
        "lru-cache": "^6.0.0"
      },
      "bin": {
        "semver": "bin/semver.js"
      },
      "engines": {
        "node": ">=10"
      }
    },
    "node_modules/serialize-javascript": {
      "version": "6.0.1",
      "dev": true,
      "license": "BSD-3-Clause",
      "dependencies": {
        "randombytes": "^2.1.0"
      }
    },
    "node_modules/shallow-clone": {
      "version": "3.0.1",
      "dev": true,
      "license": "MIT",
      "dependencies": {
        "kind-of": "^6.0.2"
      },
      "engines": {
        "node": ">=8"
      }
    },
    "node_modules/shebang-command": {
      "version": "2.0.0",
      "dev": true,
      "license": "MIT",
      "dependencies": {
        "shebang-regex": "^3.0.0"
      },
      "engines": {
        "node": ">=8"
      }
    },
    "node_modules/shebang-regex": {
      "version": "3.0.0",
      "dev": true,
      "license": "MIT",
      "engines": {
        "node": ">=8"
      }
    },
    "node_modules/sonic-boom": {
      "version": "3.7.0",
      "license": "MIT",
      "dependencies": {
        "atomic-sleep": "^1.0.0"
      }
    },
    "node_modules/source-map": {
      "version": "0.6.1",
      "license": "BSD-3-Clause",
      "engines": {
        "node": ">=0.10.0"
      }
    },
    "node_modules/source-map-support": {
      "version": "0.5.21",
      "license": "MIT",
      "dependencies": {
        "buffer-from": "^1.0.0",
        "source-map": "^0.6.0"
      }
    },
    "node_modules/split2": {
      "version": "4.2.0",
      "license": "ISC",
      "engines": {
        "node": ">= 10.x"
      }
    },
    "node_modules/string_decoder": {
      "version": "1.3.0",
      "license": "MIT",
      "dependencies": {
        "safe-buffer": "~5.2.0"
      }
    },
    "node_modules/supports-color": {
      "version": "7.2.0",
      "dev": true,
      "license": "MIT",
      "dependencies": {
        "has-flag": "^4.0.0"
      },
      "engines": {
        "node": ">=8"
      }
    },
    "node_modules/supports-preserve-symlinks-flag": {
      "version": "1.0.0",
      "dev": true,
      "license": "MIT",
      "engines": {
        "node": ">= 0.4"
      },
      "funding": {
        "url": "https://github.com/sponsors/ljharb"
      }
    },
    "node_modules/tapable": {
      "version": "2.2.1",
      "dev": true,
      "license": "MIT",
      "engines": {
        "node": ">=6"
      }
    },
    "node_modules/terser": {
      "version": "5.24.0",
      "dev": true,
      "license": "BSD-2-Clause",
      "dependencies": {
        "@jridgewell/source-map": "^0.3.3",
        "acorn": "^8.8.2",
        "commander": "^2.20.0",
        "source-map-support": "~0.5.20"
      },
      "bin": {
        "terser": "bin/terser"
      },
      "engines": {
        "node": ">=10"
      }
    },
    "node_modules/terser-webpack-plugin": {
      "version": "5.3.9",
      "dev": true,
      "license": "MIT",
      "dependencies": {
        "@jridgewell/trace-mapping": "^0.3.17",
        "jest-worker": "^27.4.5",
        "schema-utils": "^3.1.1",
        "serialize-javascript": "^6.0.1",
        "terser": "^5.16.8"
      },
      "engines": {
        "node": ">= 10.13.0"
      },
      "funding": {
        "type": "opencollective",
        "url": "https://opencollective.com/webpack"
      },
      "peerDependencies": {
        "webpack": "^5.1.0"
      },
      "peerDependenciesMeta": {
        "@swc/core": {
          "optional": true
        },
        "esbuild": {
          "optional": true
        },
        "uglify-js": {
          "optional": true
        }
      }
    },
    "node_modules/terser/node_modules/commander": {
      "version": "2.20.3",
      "dev": true,
      "license": "MIT"
    },
    "node_modules/thread-stream": {
      "version": "2.4.1",
      "license": "MIT",
      "dependencies": {
        "real-require": "^0.2.0"
      }
    },
    "node_modules/to-regex-range": {
      "version": "5.0.1",
      "dev": true,
      "license": "MIT",
      "dependencies": {
        "is-number": "^7.0.0"
      },
      "engines": {
        "node": ">=8.0"
      }
    },
    "node_modules/ts-loader": {
      "version": "9.5.1",
      "dev": true,
      "license": "MIT",
      "dependencies": {
        "chalk": "^4.1.0",
        "enhanced-resolve": "^5.0.0",
        "micromatch": "^4.0.0",
        "semver": "^7.3.4",
        "source-map": "^0.7.4"
      },
      "engines": {
        "node": ">=12.0.0"
      },
      "peerDependencies": {
        "typescript": "*",
        "webpack": "^5.0.0"
      }
    },
    "node_modules/ts-loader/node_modules/source-map": {
      "version": "0.7.4",
      "dev": true,
      "license": "BSD-3-Clause",
      "engines": {
        "node": ">= 8"
      }
    },
    "node_modules/tslib": {
      "version": "2.6.2",
      "license": "0BSD",
      "optional": true
    },
    "node_modules/typed-emitter": {
      "version": "2.1.0",
      "license": "MIT",
      "optionalDependencies": {
        "rxjs": "*"
      }
    },
    "node_modules/typescript": {
      "version": "5.3.2",
      "dev": true,
      "license": "Apache-2.0",
      "peer": true,
      "bin": {
        "tsc": "bin/tsc",
        "tsserver": "bin/tsserver"
      },
      "engines": {
        "node": ">=14.17"
      }
    },
    "node_modules/update-browserslist-db": {
      "version": "1.0.13",
      "dev": true,
      "funding": [
        {
          "type": "opencollective",
          "url": "https://opencollective.com/browserslist"
        },
        {
          "type": "tidelift",
          "url": "https://tidelift.com/funding/github/npm/browserslist"
        },
        {
          "type": "github",
          "url": "https://github.com/sponsors/ai"
        }
      ],
      "license": "MIT",
      "dependencies": {
        "escalade": "^3.1.1",
        "picocolors": "^1.0.0"
      },
      "bin": {
        "update-browserslist-db": "cli.js"
      },
      "peerDependencies": {
        "browserslist": ">= 4.21.0"
      }
    },
    "node_modules/uri-js": {
      "version": "4.4.1",
      "dev": true,
      "license": "BSD-2-Clause",
      "dependencies": {
        "punycode": "^2.1.0"
      }
    },
    "node_modules/watchpack": {
      "version": "2.4.0",
      "dev": true,
      "license": "MIT",
      "dependencies": {
        "glob-to-regexp": "^0.4.1",
        "graceful-fs": "^4.1.2"
      },
      "engines": {
        "node": ">=10.13.0"
      }
    },
    "node_modules/webpack": {
      "version": "5.89.0",
      "dev": true,
      "license": "MIT",
      "dependencies": {
        "@types/eslint-scope": "^3.7.3",
        "@types/estree": "^1.0.0",
        "@webassemblyjs/ast": "^1.11.5",
        "@webassemblyjs/wasm-edit": "^1.11.5",
        "@webassemblyjs/wasm-parser": "^1.11.5",
        "acorn": "^8.7.1",
        "acorn-import-assertions": "^1.9.0",
        "browserslist": "^4.14.5",
        "chrome-trace-event": "^1.0.2",
        "enhanced-resolve": "^5.15.0",
        "es-module-lexer": "^1.2.1",
        "eslint-scope": "5.1.1",
        "events": "^3.2.0",
        "glob-to-regexp": "^0.4.1",
        "graceful-fs": "^4.2.9",
        "json-parse-even-better-errors": "^2.3.1",
        "loader-runner": "^4.2.0",
        "mime-types": "^2.1.27",
        "neo-async": "^2.6.2",
        "schema-utils": "^3.2.0",
        "tapable": "^2.1.1",
        "terser-webpack-plugin": "^5.3.7",
        "watchpack": "^2.4.0",
        "webpack-sources": "^3.2.3"
      },
      "bin": {
        "webpack": "bin/webpack.js"
      },
      "engines": {
        "node": ">=10.13.0"
      },
      "funding": {
        "type": "opencollective",
        "url": "https://opencollective.com/webpack"
      },
      "peerDependenciesMeta": {
        "webpack-cli": {
          "optional": true
        }
      }
    },
    "node_modules/webpack-cli": {
      "version": "5.1.4",
      "dev": true,
      "license": "MIT",
      "dependencies": {
        "@discoveryjs/json-ext": "^0.5.0",
        "@webpack-cli/configtest": "^2.1.1",
        "@webpack-cli/info": "^2.0.2",
        "@webpack-cli/serve": "^2.0.5",
        "colorette": "^2.0.14",
        "commander": "^10.0.1",
        "cross-spawn": "^7.0.3",
        "envinfo": "^7.7.3",
        "fastest-levenshtein": "^1.0.12",
        "import-local": "^3.0.2",
        "interpret": "^3.1.1",
        "rechoir": "^0.8.0",
        "webpack-merge": "^5.7.3"
      },
      "bin": {
        "webpack-cli": "bin/cli.js"
      },
      "engines": {
        "node": ">=14.15.0"
      },
      "funding": {
        "type": "opencollective",
        "url": "https://opencollective.com/webpack"
      },
      "peerDependencies": {
        "webpack": "5.x.x"
      },
      "peerDependenciesMeta": {
        "@webpack-cli/generators": {
          "optional": true
        },
        "webpack-bundle-analyzer": {
          "optional": true
        },
        "webpack-dev-server": {
          "optional": true
        }
      }
    },
    "node_modules/webpack-cli/node_modules/commander": {
      "version": "10.0.1",
      "dev": true,
      "license": "MIT",
      "engines": {
        "node": ">=14"
      }
    },
    "node_modules/webpack-merge": {
      "version": "5.10.0",
      "dev": true,
      "license": "MIT",
      "dependencies": {
        "clone-deep": "^4.0.1",
        "flat": "^5.0.2",
        "wildcard": "^2.0.0"
      },
      "engines": {
        "node": ">=10.0.0"
      }
    },
    "node_modules/webpack-sources": {
      "version": "3.2.3",
      "dev": true,
      "license": "MIT",
      "engines": {
        "node": ">=10.13.0"
      }
    },
    "node_modules/which": {
      "version": "2.0.2",
      "dev": true,
      "license": "ISC",
      "dependencies": {
        "isexe": "^2.0.0"
      },
      "bin": {
        "node-which": "bin/node-which"
      },
      "engines": {
        "node": ">= 8"
      }
    },
    "node_modules/wildcard": {
      "version": "2.0.1",
      "dev": true,
      "license": "MIT"
    },
    "node_modules/yallist": {
      "version": "4.0.0",
      "dev": true,
      "license": "ISC"
    },
    "packages/anticloak": {
      "name": "@clockwork/anticloak",
      "version": "1.0.0",
      "license": "ISC",
      "dependencies": {
        "@clockwork/common": "^1.0.0",
        "@clockwork/logging": "^1.0.0",
        "@clockwork/native": "^1.0.0"
      }
    },
    "packages/cocos2dx": {
      "name": "@clockwork/cocos2dx",
      "version": "1.0.0",
      "license": "ISC",
      "dependencies": {
        "@clockwork/common": "^1.0.0",
        "@clockwork/logging": "^1.0.0",
        "@clockwork/native": "^1.0.0"
      }
    },
    "packages/common": {
      "name": "@clockwork/common",
      "version": "1.0.0",
      "license": "ISC",
      "dependencies": {
        "@clockwork/logging": "^1.0.0"
      }
    },
    "packages/dump": {
      "name": "@clockwork/dump",
      "version": "1.0.0",
      "license": "ISC",
      "dependencies": {
        "@clockwork/common": "^1.0.0",
        "@clockwork/logging": "^1.0.0",
        "@clockwork/native": "^1.0.0"
      }
    },
    "packages/hooks": {
      "name": "@clockwork/hooks",
      "version": "1.0.0",
      "license": "ISC",
      "dependencies": {
        "@clockwork/common": "^1.0.0",
        "@clockwork/logging": "^1.0.0"
      }
    },
    "packages/jnitrace": {
      "name": "@clockwork/jnitrace",
      "version": "1.0.0",
      "license": "ISC",
      "dependencies": {
        "@clockwork/common": "^1.0.0",
        "@clockwork/logging": "^1.0.0"
      }
    },
    "packages/logging": {
      "name": "@clockwork/logging",
      "version": "1.0.0",
      "license": "ISC",
      "dependencies": {
        "colorette": "^2.0.20",
        "pino": "^8.16.2"
      }
    },
    "packages/native": {
      "name": "@clockwork/native",
      "version": "1.0.0",
      "license": "ISC",
      "dependencies": {
        "@clockwork/common": "^1.0.0",
        "@clockwork/logging": "^1.0.0"
      }
    },
    "packages/network": {
      "name": "@clockwork/network",
      "version": "1.0.0",
      "license": "ISC",
      "dependencies": {
        "@clockwork/common": "^1.0.0",
        "@clockwork/hooks": "^1.0.0",
        "@clockwork/logging": "^1.0.0"
      }
    },
    "packages/unity": {
      "name": "@clockwork/unity",
      "version": "1.0.0",
      "license": "ISC",
      "devDependencies": {
        "frida-il2cpp-bridge": "^0.9.0"
      }
    }
  }
}
